// !$*UTF8*$!
{
	archiveVersion = 1;
	classes = {
	};
	objectVersion = 50;
	objects = {

/* Begin PBXBuildFile section */
		459AB73C218FE8B400D6C0E2 /* AppDelegate.swift in Sources */ = {isa = PBXBuildFile; fileRef = 459AB73B218FE8B400D6C0E2 /* AppDelegate.swift */; };
		459AB73E218FE8B400D6C0E2 /* ViewController.swift in Sources */ = {isa = PBXBuildFile; fileRef = 459AB73D218FE8B400D6C0E2 /* ViewController.swift */; };
		459AB741218FE8B400D6C0E2 /* Main.storyboard in Resources */ = {isa = PBXBuildFile; fileRef = 459AB73F218FE8B400D6C0E2 /* Main.storyboard */; };
		459AB743218FE8B500D6C0E2 /* Assets.xcassets in Resources */ = {isa = PBXBuildFile; fileRef = 459AB742218FE8B500D6C0E2 /* Assets.xcassets */; };
		459AB746218FE8B500D6C0E2 /* LaunchScreen.storyboard in Resources */ = {isa = PBXBuildFile; fileRef = 459AB744218FE8B500D6C0E2 /* LaunchScreen.storyboard */; };
		459AB752218FF4B200D6C0E2 /* CVServiceProtocol.swift in Sources */ = {isa = PBXBuildFile; fileRef = 459AB751218FF4B200D6C0E2 /* CVServiceProtocol.swift */; };
		459AB7572190148E00D6C0E2 /* CVMemoryCache.swift in Sources */ = {isa = PBXBuildFile; fileRef = 459AB7562190148E00D6C0E2 /* CVMemoryCache.swift */; };
		459AB75A21901EF100D6C0E2 /* CVURLResponse.swift in Sources */ = {isa = PBXBuildFile; fileRef = 459AB75921901EF100D6C0E2 /* CVURLResponse.swift */; };
		459AB75C2190224200D6C0E2 /* CVNetworkingError.swift in Sources */ = {isa = PBXBuildFile; fileRef = 459AB75B2190224200D6C0E2 /* CVNetworkingError.swift */; };
		459AB75F2190337E00D6C0E2 /* StringExtension.swift in Sources */ = {isa = PBXBuildFile; fileRef = 459AB75E2190337E00D6C0E2 /* StringExtension.swift */; };
		459AB7612190498F00D6C0E2 /* CVDiskCache.swift in Sources */ = {isa = PBXBuildFile; fileRef = 459AB7602190498F00D6C0E2 /* CVDiskCache.swift */; };
		505861872BB59199E03CF0AC /* Pods_CVNetworking.framework in Frameworks */ = {isa = PBXBuildFile; fileRef = 3640C6DC8DD9C7655C069AEE /* Pods_CVNetworking.framework */; };
/* End PBXBuildFile section */

/* Begin PBXFileReference section */
		3640C6DC8DD9C7655C069AEE /* Pods_CVNetworking.framework */ = {isa = PBXFileReference; explicitFileType = wrapper.framework; includeInIndex = 0; path = Pods_CVNetworking.framework; sourceTree = BUILT_PRODUCTS_DIR; };
		459AB738218FE8B400D6C0E2 /* CVNetworking.app */ = {isa = PBXFileReference; explicitFileType = wrapper.application; includeInIndex = 0; path = CVNetworking.app; sourceTree = BUILT_PRODUCTS_DIR; };
		459AB73B218FE8B400D6C0E2 /* AppDelegate.swift */ = {isa = PBXFileReference; lastKnownFileType = sourcecode.swift; path = AppDelegate.swift; sourceTree = "<group>"; };
		459AB73D218FE8B400D6C0E2 /* ViewController.swift */ = {isa = PBXFileReference; lastKnownFileType = sourcecode.swift; path = ViewController.swift; sourceTree = "<group>"; };
		459AB740218FE8B400D6C0E2 /* Base */ = {isa = PBXFileReference; lastKnownFileType = file.storyboard; name = Base; path = Base.lproj/Main.storyboard; sourceTree = "<group>"; };
		459AB742218FE8B500D6C0E2 /* Assets.xcassets */ = {isa = PBXFileReference; lastKnownFileType = folder.assetcatalog; path = Assets.xcassets; sourceTree = "<group>"; };
		459AB745218FE8B500D6C0E2 /* Base */ = {isa = PBXFileReference; lastKnownFileType = file.storyboard; name = Base; path = Base.lproj/LaunchScreen.storyboard; sourceTree = "<group>"; };
		459AB747218FE8B500D6C0E2 /* Info.plist */ = {isa = PBXFileReference; lastKnownFileType = text.plist.xml; path = Info.plist; sourceTree = "<group>"; };
		459AB751218FF4B200D6C0E2 /* CVServiceProtocol.swift */ = {isa = PBXFileReference; lastKnownFileType = sourcecode.swift; path = CVServiceProtocol.swift; sourceTree = "<group>"; };
		459AB7562190148E00D6C0E2 /* CVMemoryCache.swift */ = {isa = PBXFileReference; lastKnownFileType = sourcecode.swift; path = CVMemoryCache.swift; sourceTree = "<group>"; };
		459AB75921901EF100D6C0E2 /* CVURLResponse.swift */ = {isa = PBXFileReference; lastKnownFileType = sourcecode.swift; path = CVURLResponse.swift; sourceTree = "<group>"; };
		459AB75B2190224200D6C0E2 /* CVNetworkingError.swift */ = {isa = PBXFileReference; lastKnownFileType = sourcecode.swift; path = CVNetworkingError.swift; sourceTree = "<group>"; };
		459AB75E2190337E00D6C0E2 /* StringExtension.swift */ = {isa = PBXFileReference; lastKnownFileType = sourcecode.swift; path = StringExtension.swift; sourceTree = "<group>"; };
		459AB7602190498F00D6C0E2 /* CVDiskCache.swift */ = {isa = PBXFileReference; lastKnownFileType = sourcecode.swift; path = CVDiskCache.swift; sourceTree = "<group>"; };
		4D5A105BC30AF830890C7DCC /* Pods-CVNetworking.debug.xcconfig */ = {isa = PBXFileReference; includeInIndex = 1; lastKnownFileType = text.xcconfig; name = "Pods-CVNetworking.debug.xcconfig"; path = "Pods/Target Support Files/Pods-CVNetworking/Pods-CVNetworking.debug.xcconfig"; sourceTree = "<group>"; };
		718B1F98256EF6B72B64433D /* Pods-CVNetworking.release.xcconfig */ = {isa = PBXFileReference; includeInIndex = 1; lastKnownFileType = text.xcconfig; name = "Pods-CVNetworking.release.xcconfig"; path = "Pods/Target Support Files/Pods-CVNetworking/Pods-CVNetworking.release.xcconfig"; sourceTree = "<group>"; };
/* End PBXFileReference section */

/* Begin PBXFrameworksBuildPhase section */
		459AB735218FE8B400D6C0E2 /* Frameworks */ = {
			isa = PBXFrameworksBuildPhase;
			buildActionMask = 2147483647;
			files = (
				505861872BB59199E03CF0AC /* Pods_CVNetworking.framework in Frameworks */,
			);
			runOnlyForDeploymentPostprocessing = 0;
		};
/* End PBXFrameworksBuildPhase section */

/* Begin PBXGroup section */
		459AB72F218FE8B400D6C0E2 = {
			isa = PBXGroup;
			children = (
				459AB73A218FE8B400D6C0E2 /* CVNetworking */,
				459AB739218FE8B400D6C0E2 /* Products */,
				B633AA339060114C10F139A7 /* Pods */,
				913567376E9131FF66CA9196 /* Frameworks */,
			);
			sourceTree = "<group>";
		};
		459AB739218FE8B400D6C0E2 /* Products */ = {
			isa = PBXGroup;
			children = (
				459AB738218FE8B400D6C0E2 /* CVNetworking.app */,
			);
			name = Products;
			sourceTree = "<group>";
		};
		459AB73A218FE8B400D6C0E2 /* CVNetworking */ = {
			isa = PBXGroup;
			children = (
				459AB74D218FF42000D6C0E2 /* CVNetworking */,
				459AB73B218FE8B400D6C0E2 /* AppDelegate.swift */,
				459AB73D218FE8B400D6C0E2 /* ViewController.swift */,
				459AB73F218FE8B400D6C0E2 /* Main.storyboard */,
				459AB742218FE8B500D6C0E2 /* Assets.xcassets */,
				459AB744218FE8B500D6C0E2 /* LaunchScreen.storyboard */,
				459AB747218FE8B500D6C0E2 /* Info.plist */,
			);
			path = CVNetworking;
			sourceTree = "<group>";
		};
		459AB74D218FF42000D6C0E2 /* CVNetworking */ = {
			isa = PBXGroup;
			children = (
				459AB750218FF45300D6C0E2 /* Services */,
				459AB74F218FF44700D6C0E2 /* Components */,
				459AB74E218FF43B00D6C0E2 /* Extensions */,
			);
			path = CVNetworking;
			sourceTree = "<group>";
		};
		459AB74E218FF43B00D6C0E2 /* Extensions */ = {
			isa = PBXGroup;
			children = (
				459AB75E2190337E00D6C0E2 /* StringExtension.swift */,
			);
			path = Extensions;
			sourceTree = "<group>";
		};
		459AB74F218FF44700D6C0E2 /* Components */ = {
			isa = PBXGroup;
			children = (
				84DAB92521907C72007C854A /* Log */,
				459AB75D2190237D00D6C0E2 /* Error */,
				459AB75821901EDA00D6C0E2 /* URLResponse */,
				459AB7532190140700D6C0E2 /* Cache */,
			);
			path = Components;
			sourceTree = "<group>";
		};
		459AB750218FF45300D6C0E2 /* Services */ = {
			isa = PBXGroup;
			children = (
				459AB751218FF4B200D6C0E2 /* CVServiceProtocol.swift */,
			);
			path = Services;
			sourceTree = "<group>";
		};
		459AB7532190140700D6C0E2 /* Cache */ = {
			isa = PBXGroup;
			children = (
				459AB7552190143900D6C0E2 /* DiskCache */,
				459AB7542190142900D6C0E2 /* MemoryCache */,
			);
			path = Cache;
			sourceTree = "<group>";
		};
		459AB7542190142900D6C0E2 /* MemoryCache */ = {
			isa = PBXGroup;
			children = (
				459AB7562190148E00D6C0E2 /* CVMemoryCache.swift */,
			);
			path = MemoryCache;
			sourceTree = "<group>";
		};
		459AB7552190143900D6C0E2 /* DiskCache */ = {
			isa = PBXGroup;
			children = (
				459AB7602190498F00D6C0E2 /* CVDiskCache.swift */,
			);
			path = DiskCache;
			sourceTree = "<group>";
		};
		459AB75821901EDA00D6C0E2 /* URLResponse */ = {
			isa = PBXGroup;
			children = (
				459AB75921901EF100D6C0E2 /* CVURLResponse.swift */,
			);
			path = URLResponse;
			sourceTree = "<group>";
		};
		459AB75D2190237D00D6C0E2 /* Error */ = {
			isa = PBXGroup;
			children = (
				459AB75B2190224200D6C0E2 /* CVNetworkingError.swift */,
			);
			path = Error;
			sourceTree = "<group>";
		};
		84DAB92521907C72007C854A /* Log */ = {
			isa = PBXGroup;
			children = (
			);
			path = Log;
			sourceTree = "<group>";
		};
		913567376E9131FF66CA9196 /* Frameworks */ = {
			isa = PBXGroup;
			children = (
				3640C6DC8DD9C7655C069AEE /* Pods_CVNetworking.framework */,
			);
			name = Frameworks;
			sourceTree = "<group>";
		};
		B633AA339060114C10F139A7 /* Pods */ = {
			isa = PBXGroup;
			children = (
				4D5A105BC30AF830890C7DCC /* Pods-CVNetworking.debug.xcconfig */,
				718B1F98256EF6B72B64433D /* Pods-CVNetworking.release.xcconfig */,
			);
			name = Pods;
			sourceTree = "<group>";
		};
/* End PBXGroup section */

/* Begin PBXNativeTarget section */
		459AB737218FE8B400D6C0E2 /* CVNetworking */ = {
			isa = PBXNativeTarget;
			buildConfigurationList = 459AB74A218FE8B500D6C0E2 /* Build configuration list for PBXNativeTarget "CVNetworking" */;
			buildPhases = (
				50A7853A32B5A383E92F56EA /* [CP] Check Pods Manifest.lock */,
				459AB734218FE8B400D6C0E2 /* Sources */,
				459AB735218FE8B400D6C0E2 /* Frameworks */,
				459AB736218FE8B400D6C0E2 /* Resources */,
				2CF5D754D1D17FE756944FC2 /* [CP] Embed Pods Frameworks */,
			);
			buildRules = (
			);
			dependencies = (
			);
			name = CVNetworking;
			productName = CVNetworking;
			productReference = 459AB738218FE8B400D6C0E2 /* CVNetworking.app */;
			productType = "com.apple.product-type.application";
		};
/* End PBXNativeTarget section */

/* Begin PBXProject section */
		459AB730218FE8B400D6C0E2 /* Project object */ = {
			isa = PBXProject;
			attributes = {
				LastSwiftUpdateCheck = 1010;
				LastUpgradeCheck = 1010;
				ORGANIZATIONNAME = com.caven;
				TargetAttributes = {
					459AB737218FE8B400D6C0E2 = {
						CreatedOnToolsVersion = 10.1;
					};
				};
			};
			buildConfigurationList = 459AB733218FE8B400D6C0E2 /* Build configuration list for PBXProject "CVNetworking" */;
			compatibilityVersion = "Xcode 9.3";
			developmentRegion = en;
			hasScannedForEncodings = 0;
			knownRegions = (
				en,
				Base,
			);
			mainGroup = 459AB72F218FE8B400D6C0E2;
			productRefGroup = 459AB739218FE8B400D6C0E2 /* Products */;
			projectDirPath = "";
			projectRoot = "";
			targets = (
				459AB737218FE8B400D6C0E2 /* CVNetworking */,
			);
		};
/* End PBXProject section */

/* Begin PBXResourcesBuildPhase section */
		459AB736218FE8B400D6C0E2 /* Resources */ = {
			isa = PBXResourcesBuildPhase;
			buildActionMask = 2147483647;
			files = (
				459AB746218FE8B500D6C0E2 /* LaunchScreen.storyboard in Resources */,
				459AB743218FE8B500D6C0E2 /* Assets.xcassets in Resources */,
				459AB741218FE8B400D6C0E2 /* Main.storyboard in Resources */,
			);
			runOnlyForDeploymentPostprocessing = 0;
		};
/* End PBXResourcesBuildPhase section */

/* Begin PBXShellScriptBuildPhase section */
		2CF5D754D1D17FE756944FC2 /* [CP] Embed Pods Frameworks */ = {
			isa = PBXShellScriptBuildPhase;
			buildActionMask = 2147483647;
			files = (
			);
			inputFileListPaths = (
			);
			inputPaths = (
				"${PODS_ROOT}/Target Support Files/Pods-CVNetworking/Pods-CVNetworking-frameworks.sh",
				"${BUILT_PRODUCTS_DIR}/Alamofire/Alamofire.framework",
			);
			name = "[CP] Embed Pods Frameworks";
			outputFileListPaths = (
			);
			outputPaths = (
				"${TARGET_BUILD_DIR}/${FRAMEWORKS_FOLDER_PATH}/Alamofire.framework",
			);
			runOnlyForDeploymentPostprocessing = 0;
			shellPath = /bin/sh;
			shellScript = "\"${PODS_ROOT}/Target Support Files/Pods-CVNetworking/Pods-CVNetworking-frameworks.sh\"\n";
			showEnvVarsInLog = 0;
		};
		50A7853A32B5A383E92F56EA /* [CP] Check Pods Manifest.lock */ = {
			isa = PBXShellScriptBuildPhase;
			buildActionMask = 2147483647;
			files = (
			);
			inputFileListPaths = (
			);
			inputPaths = (
				"${PODS_PODFILE_DIR_PATH}/Podfile.lock",
				"${PODS_ROOT}/Manifest.lock",
			);
			name = "[CP] Check Pods Manifest.lock";
			outputFileListPaths = (
			);
			outputPaths = (
				"$(DERIVED_FILE_DIR)/Pods-CVNetworking-checkManifestLockResult.txt",
			);
			runOnlyForDeploymentPostprocessing = 0;
			shellPath = /bin/sh;
			shellScript = "diff \"${PODS_PODFILE_DIR_PATH}/Podfile.lock\" \"${PODS_ROOT}/Manifest.lock\" > /dev/null\nif [ $? != 0 ] ; then\n    # print error to STDERR\n    echo \"error: The sandbox is not in sync with the Podfile.lock. Run 'pod install' or update your CocoaPods installation.\" >&2\n    exit 1\nfi\n# This output is used by Xcode 'outputs' to avoid re-running this script phase.\necho \"SUCCESS\" > \"${SCRIPT_OUTPUT_FILE_0}\"\n";
			showEnvVarsInLog = 0;
		};
/* End PBXShellScriptBuildPhase section */

/* Begin PBXSourcesBuildPhase section */
		459AB734218FE8B400D6C0E2 /* Sources */ = {
			isa = PBXSourcesBuildPhase;
			buildActionMask = 2147483647;
			files = (
				459AB7572190148E00D6C0E2 /* CVMemoryCache.swift in Sources */,
				459AB75F2190337E00D6C0E2 /* StringExtension.swift in Sources */,
				459AB752218FF4B200D6C0E2 /* CVServiceProtocol.swift in Sources */,
				459AB75A21901EF100D6C0E2 /* CVURLResponse.swift in Sources */,
				459AB7612190498F00D6C0E2 /* CVDiskCache.swift in Sources */,
				459AB73E218FE8B400D6C0E2 /* ViewController.swift in Sources */,
				459AB75C2190224200D6C0E2 /* CVNetworkingError.swift in Sources */,
				459AB73C218FE8B400D6C0E2 /* AppDelegate.swift in Sources */,
			);
			runOnlyForDeploymentPostprocessing = 0;
		};
/* End PBXSourcesBuildPhase section */

/* Begin PBXVariantGroup section */
		459AB73F218FE8B400D6C0E2 /* Main.storyboard */ = {
			isa = PBXVariantGroup;
			children = (
				459AB740218FE8B400D6C0E2 /* Base */,
			);
			name = Main.storyboard;
			sourceTree = "<group>";
		};
		459AB744218FE8B500D6C0E2 /* LaunchScreen.storyboard */ = {
			isa = PBXVariantGroup;
			children = (
				459AB745218FE8B500D6C0E2 /* Base */,
			);
			name = LaunchScreen.storyboard;
			sourceTree = "<group>";
		};
/* End PBXVariantGroup section */

/* Begin XCBuildConfiguration section */
		459AB748218FE8B500D6C0E2 /* Debug */ = {
			isa = XCBuildConfiguration;
			buildSettings = {
				ALWAYS_SEARCH_USER_PATHS = NO;
				CLANG_ANALYZER_NONNULL = YES;
				CLANG_ANALYZER_NUMBER_OBJECT_CONVERSION = YES_AGGRESSIVE;
				CLANG_CXX_LANGUAGE_STANDARD = "gnu++14";
				CLANG_CXX_LIBRARY = "libc++";
				CLANG_ENABLE_MODULES = YES;
				CLANG_ENABLE_OBJC_ARC = YES;
				CLANG_ENABLE_OBJC_WEAK = YES;
				CLANG_WARN_BLOCK_CAPTURE_AUTORELEASING = YES;
				CLANG_WARN_BOOL_CONVERSION = YES;
				CLANG_WARN_COMMA = YES;
				CLANG_WARN_CONSTANT_CONVERSION = YES;
				CLANG_WARN_DEPRECATED_OBJC_IMPLEMENTATIONS = YES;
				CLANG_WARN_DIRECT_OBJC_ISA_USAGE = YES_ERROR;
				CLANG_WARN_DOCUMENTATION_COMMENTS = YES;
				CLANG_WARN_EMPTY_BODY = YES;
				CLANG_WARN_ENUM_CONVERSION = YES;
				CLANG_WARN_INFINITE_RECURSION = YES;
				CLANG_WARN_INT_CONVERSION = YES;
				CLANG_WARN_NON_LITERAL_NULL_CONVERSION = YES;
				CLANG_WARN_OBJC_IMPLICIT_RETAIN_SELF = YES;
				CLANG_WARN_OBJC_LITERAL_CONVERSION = YES;
				CLANG_WARN_OBJC_ROOT_CLASS = YES_ERROR;
				CLANG_WARN_RANGE_LOOP_ANALYSIS = YES;
				CLANG_WARN_STRICT_PROTOTYPES = YES;
				CLANG_WARN_SUSPICIOUS_MOVE = YES;
				CLANG_WARN_UNGUARDED_AVAILABILITY = YES_AGGRESSIVE;
				CLANG_WARN_UNREACHABLE_CODE = YES;
				CLANG_WARN__DUPLICATE_METHOD_MATCH = YES;
				CODE_SIGN_IDENTITY = "iPhone Developer";
				COPY_PHASE_STRIP = NO;
				DEBUG_INFORMATION_FORMAT = dwarf;
				ENABLE_STRICT_OBJC_MSGSEND = YES;
				ENABLE_TESTABILITY = YES;
				GCC_C_LANGUAGE_STANDARD = gnu11;
				GCC_DYNAMIC_NO_PIC = NO;
				GCC_NO_COMMON_BLOCKS = YES;
				GCC_OPTIMIZATION_LEVEL = 0;
				GCC_PREPROCESSOR_DEFINITIONS = (
					"DEBUG=1",
					"$(inherited)",
				);
				GCC_WARN_64_TO_32_BIT_CONVERSION = YES;
				GCC_WARN_ABOUT_RETURN_TYPE = YES_ERROR;
				GCC_WARN_UNDECLARED_SELECTOR = YES;
				GCC_WARN_UNINITIALIZED_AUTOS = YES_AGGRESSIVE;
				GCC_WARN_UNUSED_FUNCTION = YES;
				GCC_WARN_UNUSED_VARIABLE = YES;
				IPHONEOS_DEPLOYMENT_TARGET = 12.1;
				MTL_ENABLE_DEBUG_INFO = INCLUDE_SOURCE;
				MTL_FAST_MATH = YES;
				ONLY_ACTIVE_ARCH = YES;
				SDKROOT = iphoneos;
				SWIFT_ACTIVE_COMPILATION_CONDITIONS = DEBUG;
				SWIFT_OPTIMIZATION_LEVEL = "-Onone";
			};
			name = Debug;
		};
		459AB749218FE8B500D6C0E2 /* Release */ = {
			isa = XCBuildConfiguration;
			buildSettings = {
				ALWAYS_SEARCH_USER_PATHS = NO;
				CLANG_ANALYZER_NONNULL = YES;
				CLANG_ANALYZER_NUMBER_OBJECT_CONVERSION = YES_AGGRESSIVE;
				CLANG_CXX_LANGUAGE_STANDARD = "gnu++14";
				CLANG_CXX_LIBRARY = "libc++";
				CLANG_ENABLE_MODULES = YES;
				CLANG_ENABLE_OBJC_ARC = YES;
				CLANG_ENABLE_OBJC_WEAK = YES;
				CLANG_WARN_BLOCK_CAPTURE_AUTORELEASING = YES;
				CLANG_WARN_BOOL_CONVERSION = YES;
				CLANG_WARN_COMMA = YES;
				CLANG_WARN_CONSTANT_CONVERSION = YES;
				CLANG_WARN_DEPRECATED_OBJC_IMPLEMENTATIONS = YES;
				CLANG_WARN_DIRECT_OBJC_ISA_USAGE = YES_ERROR;
				CLANG_WARN_DOCUMENTATION_COMMENTS = YES;
				CLANG_WARN_EMPTY_BODY = YES;
				CLANG_WARN_ENUM_CONVERSION = YES;
				CLANG_WARN_INFINITE_RECURSION = YES;
				CLANG_WARN_INT_CONVERSION = YES;
				CLANG_WARN_NON_LITERAL_NULL_CONVERSION = YES;
				CLANG_WARN_OBJC_IMPLICIT_RETAIN_SELF = YES;
				CLANG_WARN_OBJC_LITERAL_CONVERSION = YES;
				CLANG_WARN_OBJC_ROOT_CLASS = YES_ERROR;
				CLANG_WARN_RANGE_LOOP_ANALYSIS = YES;
				CLANG_WARN_STRICT_PROTOTYPES = YES;
				CLANG_WARN_SUSPICIOUS_MOVE = YES;
				CLANG_WARN_UNGUARDED_AVAILABILITY = YES_AGGRESSIVE;
				CLANG_WARN_UNREACHABLE_CODE = YES;
				CLANG_WARN__DUPLICATE_METHOD_MATCH = YES;
				CODE_SIGN_IDENTITY = "iPhone Developer";
				COPY_PHASE_STRIP = NO;
				DEBUG_INFORMATION_FORMAT = "dwarf-with-dsym";
				ENABLE_NS_ASSERTIONS = NO;
				ENABLE_STRICT_OBJC_MSGSEND = YES;
				GCC_C_LANGUAGE_STANDARD = gnu11;
				GCC_NO_COMMON_BLOCKS = YES;
				GCC_WARN_64_TO_32_BIT_CONVERSION = YES;
				GCC_WARN_ABOUT_RETURN_TYPE = YES_ERROR;
				GCC_WARN_UNDECLARED_SELECTOR = YES;
				GCC_WARN_UNINITIALIZED_AUTOS = YES_AGGRESSIVE;
				GCC_WARN_UNUSED_FUNCTION = YES;
				GCC_WARN_UNUSED_VARIABLE = YES;
				IPHONEOS_DEPLOYMENT_TARGET = 12.1;
				MTL_ENABLE_DEBUG_INFO = NO;
				MTL_FAST_MATH = YES;
				SDKROOT = iphoneos;
				SWIFT_COMPILATION_MODE = wholemodule;
				SWIFT_OPTIMIZATION_LEVEL = "-O";
				VALIDATE_PRODUCT = YES;
			};
			name = Release;
		};
		459AB74B218FE8B500D6C0E2 /* Debug */ = {
			isa = XCBuildConfiguration;
			baseConfigurationReference = 4D5A105BC30AF830890C7DCC /* Pods-CVNetworking.debug.xcconfig */;
			buildSettings = {
				ASSETCATALOG_COMPILER_APPICON_NAME = AppIcon;
				CODE_SIGN_STYLE = Automatic;
				INFOPLIST_FILE = CVNetworking/Info.plist;
				IPHONEOS_DEPLOYMENT_TARGET = 8.0;
				LD_RUNPATH_SEARCH_PATHS = (
					"$(inherited)",
					"@executable_path/Frameworks",
				);
				PRODUCT_BUNDLE_IDENTIFIER = com.caven.CVNetworking;
				PRODUCT_NAME = "$(TARGET_NAME)";
				SWIFT_VERSION = 4.2;
				TARGETED_DEVICE_FAMILY = "1,2";
			};
			name = Debug;
		};
		459AB74C218FE8B500D6C0E2 /* Release */ = {
			isa = XCBuildConfiguration;
			baseConfigurationReference = 718B1F98256EF6B72B64433D /* Pods-CVNetworking.release.xcconfig */;
			buildSettings = {
				ASSETCATALOG_COMPILER_APPICON_NAME = AppIcon;
				CODE_SIGN_STYLE = Automatic;
				INFOPLIST_FILE = CVNetworking/Info.plist;
				IPHONEOS_DEPLOYMENT_TARGET = 8.0;
				LD_RUNPATH_SEARCH_PATHS = (
					"$(inherited)",
					"@executable_path/Frameworks",
				);
				PRODUCT_BUNDLE_IDENTIFIER = com.caven.CVNetworking;
				PRODUCT_NAME = "$(TARGET_NAME)";
				SWIFT_VERSION = 4.2;
				TARGETED_DEVICE_FAMILY = "1,2";
			};
			name = Release;
		};
/* End XCBuildConfiguration section */

/* Begin XCConfigurationList section */
		459AB733218FE8B400D6C0E2 /* Build configuration list for PBXProject "CVNetworking" */ = {
			isa = XCConfigurationList;
			buildConfigurations = (
				459AB748218FE8B500D6C0E2 /* Debug */,
				459AB749218FE8B500D6C0E2 /* Release */,
			);
			defaultConfigurationIsVisible = 0;
			defaultConfigurationName = Release;
		};
		459AB74A218FE8B500D6C0E2 /* Build configuration list for PBXNativeTarget "CVNetworking" */ = {
			isa = XCConfigurationList;
			buildConfigurations = (
				459AB74B218FE8B500D6C0E2 /* Debug */,
				459AB74C218FE8B500D6C0E2 /* Release */,
			);
			defaultConfigurationIsVisible = 0;
			defaultConfigurationName = Release;
		};
/* End XCConfigurationList section */
	};
	rootObject = 459AB730218FE8B400D6C0E2 /* Project object */;
}
