// !$*UTF8*$!
{
	archiveVersion = 1;
	classes = {
	};
	objectVersion = 50;
	objects = {

/* Begin PBXBuildFile section */
		45147E4321B62BD100B2E607 /* CVBaseManager.swift in Sources */ = {isa = PBXBuildFile; fileRef = 45147E4221B62BD100B2E607 /* CVBaseManager.swift */; };
		452A26E2219181D300B176C5 /* CVNetCache.swift in Sources */ = {isa = PBXBuildFile; fileRef = 452A26E1219181D300B176C5 /* CVNetCache.swift */; };
		45314FF221A65AFA00C86DA7 /* CVService.swift in Sources */ = {isa = PBXBuildFile; fileRef = 45314FF121A65AFA00C86DA7 /* CVService.swift */; };
		4533E05D21A504CC003FEA24 /* ResultViewModel.swift in Sources */ = {isa = PBXBuildFile; fileRef = 4533E05C21A504CC003FEA24 /* ResultViewModel.swift */; };
		4533E05F21A50F24003FEA24 /* Property.ResultViewController.swift in Sources */ = {isa = PBXBuildFile; fileRef = 4533E05E21A50F24003FEA24 /* Property.ResultViewController.swift */; };
		45360DAC21953167008B86CF /* CVNetworking.swift in Sources */ = {isa = PBXBuildFile; fileRef = 45360DAB21953167008B86CF /* CVNetworking.swift */; };
		45360DB12195871E008B86CF /* MainService.swift in Sources */ = {isa = PBXBuildFile; fileRef = 45360DB02195871E008B86CF /* MainService.swift */; };
		4543DCF221B0E8C400377DAD /* CVBaseUploadManager.swift in Sources */ = {isa = PBXBuildFile; fileRef = 4543DCF121B0E8C400377DAD /* CVBaseUploadManager.swift */; };
		4543DCF621B10FA600377DAD /* UploadImageManager.swift in Sources */ = {isa = PBXBuildFile; fileRef = 4543DCF521B10FA600377DAD /* UploadImageManager.swift */; };
		4543DCF821B1169E00377DAD /* 10_16.jpg in Resources */ = {isa = PBXBuildFile; fileRef = 4543DCF721B1169E00377DAD /* 10_16.jpg */; };
		4543DCFA21B11C7700377DAD /* MainUploadService.swift in Sources */ = {isa = PBXBuildFile; fileRef = 4543DCF921B11C7700377DAD /* MainUploadService.swift */; };
		4544D81A21A7A20E008BDBEF /* CVConfiguration.swift in Sources */ = {isa = PBXBuildFile; fileRef = 4544D81921A7A20E008BDBEF /* CVConfiguration.swift */; };
		454F04F221AD20E100C019FE /* CVReachability.swift in Sources */ = {isa = PBXBuildFile; fileRef = 454F04F121AD20E100C019FE /* CVReachability.swift */; };
		454F04FB21AD331400C019FE /* SwiftyLoadRegister.m in Sources */ = {isa = PBXBuildFile; fileRef = 454F04F921AD331400C019FE /* SwiftyLoadRegister.m */; };
		4571F3C221A2BDDF003185FD /* LoginApiManager.swift in Sources */ = {isa = PBXBuildFile; fileRef = 4571F3C121A2BDDF003185FD /* LoginApiManager.swift */; };
		457F112921A3A40000A942E6 /* ResultViewController.swift in Sources */ = {isa = PBXBuildFile; fileRef = 457F112821A3A40000A942E6 /* ResultViewController.swift */; };
		457F112D21A3F4CA00A942E6 /* CVBaseManagerDelegate.swift in Sources */ = {isa = PBXBuildFile; fileRef = 457F112C21A3F4CA00A942E6 /* CVBaseManagerDelegate.swift */; };
		457F112F21A40FBF00A942E6 /* HomeMsgApiManager.swift in Sources */ = {isa = PBXBuildFile; fileRef = 457F112E21A40FBF00A942E6 /* HomeMsgApiManager.swift */; };
		459AB73C218FE8B400D6C0E2 /* AppDelegate.swift in Sources */ = {isa = PBXBuildFile; fileRef = 459AB73B218FE8B400D6C0E2 /* AppDelegate.swift */; };
		459AB73E218FE8B400D6C0E2 /* ViewController.swift in Sources */ = {isa = PBXBuildFile; fileRef = 459AB73D218FE8B400D6C0E2 /* ViewController.swift */; };
		459AB741218FE8B400D6C0E2 /* Main.storyboard in Resources */ = {isa = PBXBuildFile; fileRef = 459AB73F218FE8B400D6C0E2 /* Main.storyboard */; };
		459AB743218FE8B500D6C0E2 /* Assets.xcassets in Resources */ = {isa = PBXBuildFile; fileRef = 459AB742218FE8B500D6C0E2 /* Assets.xcassets */; };
		459AB746218FE8B500D6C0E2 /* LaunchScreen.storyboard in Resources */ = {isa = PBXBuildFile; fileRef = 459AB744218FE8B500D6C0E2 /* LaunchScreen.storyboard */; };
		459AB752218FF4B200D6C0E2 /* CVServiceProxy.swift in Sources */ = {isa = PBXBuildFile; fileRef = 459AB751218FF4B200D6C0E2 /* CVServiceProxy.swift */; };
		459AB7572190148E00D6C0E2 /* CVMemoryCache.swift in Sources */ = {isa = PBXBuildFile; fileRef = 459AB7562190148E00D6C0E2 /* CVMemoryCache.swift */; };
		459AB75A21901EF100D6C0E2 /* CVURLResponse.swift in Sources */ = {isa = PBXBuildFile; fileRef = 459AB75921901EF100D6C0E2 /* CVURLResponse.swift */; };
		459AB7612190498F00D6C0E2 /* CVDiskCache.swift in Sources */ = {isa = PBXBuildFile; fileRef = 459AB7602190498F00D6C0E2 /* CVDiskCache.swift */; };
		45B4BD3321994D450005ADF7 /* CVBaseApiManager.swift in Sources */ = {isa = PBXBuildFile; fileRef = 45B4BD3221994D450005ADF7 /* CVBaseApiManager.swift */; };
		45C77BED21B51614002FB362 /* CVUploadParam.swift in Sources */ = {isa = PBXBuildFile; fileRef = 45C77BEC21B51614002FB362 /* CVUploadParam.swift */; };
		505861872BB59199E03CF0AC /* Pods_CVNetworking.framework in Frameworks */ = {isa = PBXBuildFile; fileRef = 3640C6DC8DD9C7655C069AEE /* Pods_CVNetworking.framework */; };
/* End PBXBuildFile section */

/* Begin PBXFileReference section */
		147A2C0FA237F3ED5016BEF9 /* Pods-CVNetworking.debug.xcconfig */ = {isa = PBXFileReference; includeInIndex = 1; lastKnownFileType = text.xcconfig; name = "Pods-CVNetworking.debug.xcconfig"; path = "Pods/Target Support Files/Pods-CVNetworking/Pods-CVNetworking.debug.xcconfig"; sourceTree = "<group>"; };
		2BBF1A4843591571011AAF78 /* Pods-CVNetworking-Release.debug.xcconfig */ = {isa = PBXFileReference; includeInIndex = 1; lastKnownFileType = text.xcconfig; name = "Pods-CVNetworking-Release.debug.xcconfig"; path = "Pods/Target Support Files/Pods-CVNetworking-Release/Pods-CVNetworking-Release.debug.xcconfig"; sourceTree = "<group>"; };
		2DCA4D45F793C9F263189B48 /* Pods-CVNetworking-Release.release.xcconfig */ = {isa = PBXFileReference; includeInIndex = 1; lastKnownFileType = text.xcconfig; name = "Pods-CVNetworking-Release.release.xcconfig"; path = "Pods/Target Support Files/Pods-CVNetworking-Release/Pods-CVNetworking-Release.release.xcconfig"; sourceTree = "<group>"; };
		3640C6DC8DD9C7655C069AEE /* Pods_CVNetworking.framework */ = {isa = PBXFileReference; explicitFileType = wrapper.framework; includeInIndex = 0; path = Pods_CVNetworking.framework; sourceTree = BUILT_PRODUCTS_DIR; };
		45147E4221B62BD100B2E607 /* CVBaseManager.swift */ = {isa = PBXFileReference; lastKnownFileType = sourcecode.swift; path = CVBaseManager.swift; sourceTree = "<group>"; };
		452A26E1219181D300B176C5 /* CVNetCache.swift */ = {isa = PBXFileReference; lastKnownFileType = sourcecode.swift; path = CVNetCache.swift; sourceTree = "<group>"; };
		45314FF121A65AFA00C86DA7 /* CVService.swift */ = {isa = PBXFileReference; lastKnownFileType = sourcecode.swift; path = CVService.swift; sourceTree = "<group>"; };
		4533E05C21A504CC003FEA24 /* ResultViewModel.swift */ = {isa = PBXFileReference; lastKnownFileType = sourcecode.swift; path = ResultViewModel.swift; sourceTree = "<group>"; };
		4533E05E21A50F24003FEA24 /* Property.ResultViewController.swift */ = {isa = PBXFileReference; lastKnownFileType = sourcecode.swift; path = Property.ResultViewController.swift; sourceTree = "<group>"; };
		45360DAB21953167008B86CF /* CVNetworking.swift */ = {isa = PBXFileReference; lastKnownFileType = sourcecode.swift; path = CVNetworking.swift; sourceTree = "<group>"; };
		45360DB02195871E008B86CF /* MainService.swift */ = {isa = PBXFileReference; lastKnownFileType = sourcecode.swift; path = MainService.swift; sourceTree = "<group>"; };
		4543DCF121B0E8C400377DAD /* CVBaseUploadManager.swift */ = {isa = PBXFileReference; lastKnownFileType = sourcecode.swift; path = CVBaseUploadManager.swift; sourceTree = "<group>"; };
		4543DCF521B10FA600377DAD /* UploadImageManager.swift */ = {isa = PBXFileReference; lastKnownFileType = sourcecode.swift; path = UploadImageManager.swift; sourceTree = "<group>"; };
		4543DCF721B1169E00377DAD /* 10_16.jpg */ = {isa = PBXFileReference; lastKnownFileType = image.jpeg; path = 10_16.jpg; sourceTree = "<group>"; };
		4543DCF921B11C7700377DAD /* MainUploadService.swift */ = {isa = PBXFileReference; lastKnownFileType = sourcecode.swift; path = MainUploadService.swift; sourceTree = "<group>"; };
		4544D81921A7A20E008BDBEF /* CVConfiguration.swift */ = {isa = PBXFileReference; lastKnownFileType = sourcecode.swift; path = CVConfiguration.swift; sourceTree = "<group>"; };
		454F04F121AD20E100C019FE /* CVReachability.swift */ = {isa = PBXFileReference; lastKnownFileType = sourcecode.swift; path = CVReachability.swift; sourceTree = "<group>"; };
		454F04F821AD331300C019FE /* CVNetworking-Bridging-Header.h */ = {isa = PBXFileReference; lastKnownFileType = sourcecode.c.h; path = "CVNetworking-Bridging-Header.h"; sourceTree = "<group>"; };
		454F04F921AD331400C019FE /* SwiftyLoadRegister.m */ = {isa = PBXFileReference; fileEncoding = 4; lastKnownFileType = sourcecode.c.objc; path = SwiftyLoadRegister.m; sourceTree = "<group>"; };
		454F04FA21AD331400C019FE /* Header-bridge.h */ = {isa = PBXFileReference; fileEncoding = 4; lastKnownFileType = sourcecode.c.h; path = "Header-bridge.h"; sourceTree = "<group>"; };
		4571F3C121A2BDDF003185FD /* LoginApiManager.swift */ = {isa = PBXFileReference; lastKnownFileType = sourcecode.swift; path = LoginApiManager.swift; sourceTree = "<group>"; };
		457F112821A3A40000A942E6 /* ResultViewController.swift */ = {isa = PBXFileReference; lastKnownFileType = sourcecode.swift; path = ResultViewController.swift; sourceTree = "<group>"; };
		457F112C21A3F4CA00A942E6 /* CVBaseManagerDelegate.swift */ = {isa = PBXFileReference; lastKnownFileType = sourcecode.swift; path = CVBaseManagerDelegate.swift; sourceTree = "<group>"; };
		457F112E21A40FBF00A942E6 /* HomeMsgApiManager.swift */ = {isa = PBXFileReference; lastKnownFileType = sourcecode.swift; path = HomeMsgApiManager.swift; sourceTree = "<group>"; };
		459AB738218FE8B400D6C0E2 /* CVNetworking.app */ = {isa = PBXFileReference; explicitFileType = wrapper.application; includeInIndex = 0; path = CVNetworking.app; sourceTree = BUILT_PRODUCTS_DIR; };
		459AB73B218FE8B400D6C0E2 /* AppDelegate.swift */ = {isa = PBXFileReference; lastKnownFileType = sourcecode.swift; path = AppDelegate.swift; sourceTree = "<group>"; };
		459AB73D218FE8B400D6C0E2 /* ViewController.swift */ = {isa = PBXFileReference; lastKnownFileType = sourcecode.swift; path = ViewController.swift; sourceTree = "<group>"; };
		459AB740218FE8B400D6C0E2 /* Base */ = {isa = PBXFileReference; lastKnownFileType = file.storyboard; name = Base; path = Base.lproj/Main.storyboard; sourceTree = "<group>"; };
		459AB742218FE8B500D6C0E2 /* Assets.xcassets */ = {isa = PBXFileReference; lastKnownFileType = folder.assetcatalog; path = Assets.xcassets; sourceTree = "<group>"; };
		459AB745218FE8B500D6C0E2 /* Base */ = {isa = PBXFileReference; lastKnownFileType = file.storyboard; name = Base; path = Base.lproj/LaunchScreen.storyboard; sourceTree = "<group>"; };
		459AB747218FE8B500D6C0E2 /* Info.plist */ = {isa = PBXFileReference; lastKnownFileType = text.plist.xml; path = Info.plist; sourceTree = "<group>"; };
		459AB751218FF4B200D6C0E2 /* CVServiceProxy.swift */ = {isa = PBXFileReference; lastKnownFileType = sourcecode.swift; path = CVServiceProxy.swift; sourceTree = "<group>"; };
		459AB7562190148E00D6C0E2 /* CVMemoryCache.swift */ = {isa = PBXFileReference; lastKnownFileType = sourcecode.swift; path = CVMemoryCache.swift; sourceTree = "<group>"; };
		459AB75921901EF100D6C0E2 /* CVURLResponse.swift */ = {isa = PBXFileReference; lastKnownFileType = sourcecode.swift; path = CVURLResponse.swift; sourceTree = "<group>"; };
		459AB7602190498F00D6C0E2 /* CVDiskCache.swift */ = {isa = PBXFileReference; lastKnownFileType = sourcecode.swift; path = CVDiskCache.swift; sourceTree = "<group>"; };
		45B4BD3221994D450005ADF7 /* CVBaseApiManager.swift */ = {isa = PBXFileReference; lastKnownFileType = sourcecode.swift; path = CVBaseApiManager.swift; sourceTree = "<group>"; };
		45C77BEC21B51614002FB362 /* CVUploadParam.swift */ = {isa = PBXFileReference; lastKnownFileType = sourcecode.swift; path = CVUploadParam.swift; sourceTree = "<group>"; };
		5D13A28E695344B543E122B2 /* Pods-CVNetworking-Adhoc.release.xcconfig */ = {isa = PBXFileReference; includeInIndex = 1; lastKnownFileType = text.xcconfig; name = "Pods-CVNetworking-Adhoc.release.xcconfig"; path = "Pods/Target Support Files/Pods-CVNetworking-Adhoc/Pods-CVNetworking-Adhoc.release.xcconfig"; sourceTree = "<group>"; };
		BEF6D34B2055FFB75A57F038 /* Pods_CVNetworking_Release.framework */ = {isa = PBXFileReference; explicitFileType = wrapper.framework; includeInIndex = 0; path = Pods_CVNetworking_Release.framework; sourceTree = BUILT_PRODUCTS_DIR; };
		C0C47397B03DEC8EC9E0B907 /* Pods-CVNetworking.release.xcconfig */ = {isa = PBXFileReference; includeInIndex = 1; lastKnownFileType = text.xcconfig; name = "Pods-CVNetworking.release.xcconfig"; path = "Pods/Target Support Files/Pods-CVNetworking/Pods-CVNetworking.release.xcconfig"; sourceTree = "<group>"; };
		C57AB1466AC2B640A5603B0F /* Pods-CVNetworking-Adhoc.debug.xcconfig */ = {isa = PBXFileReference; includeInIndex = 1; lastKnownFileType = text.xcconfig; name = "Pods-CVNetworking-Adhoc.debug.xcconfig"; path = "Pods/Target Support Files/Pods-CVNetworking-Adhoc/Pods-CVNetworking-Adhoc.debug.xcconfig"; sourceTree = "<group>"; };
		F8DD4BE1E9F054171BE4C236 /* Pods_CVNetworking_Adhoc.framework */ = {isa = PBXFileReference; explicitFileType = wrapper.framework; includeInIndex = 0; path = Pods_CVNetworking_Adhoc.framework; sourceTree = BUILT_PRODUCTS_DIR; };
/* End PBXFileReference section */

/* Begin PBXFrameworksBuildPhase section */
		459AB735218FE8B400D6C0E2 /* Frameworks */ = {
			isa = PBXFrameworksBuildPhase;
			buildActionMask = 2147483647;
			files = (
				505861872BB59199E03CF0AC /* Pods_CVNetworking.framework in Frameworks */,
			);
			runOnlyForDeploymentPostprocessing = 0;
		};
/* End PBXFrameworksBuildPhase section */

/* Begin PBXGroup section */
		4533E06021A52D96003FEA24 /* Demos */ = {
			isa = PBXGroup;
			children = (
				4533E06321A52DC1003FEA24 /* Apis */,
				4533E06221A52DB3003FEA24 /* ViewModels */,
				4533E06121A52DA3003FEA24 /* ViewControllers */,
			);
			path = Demos;
			sourceTree = "<group>";
		};
		4533E06121A52DA3003FEA24 /* ViewControllers */ = {
			isa = PBXGroup;
			children = (
				457F112821A3A40000A942E6 /* ResultViewController.swift */,
				4533E05E21A50F24003FEA24 /* Property.ResultViewController.swift */,
			);
			path = ViewControllers;
			sourceTree = "<group>";
		};
		4533E06221A52DB3003FEA24 /* ViewModels */ = {
			isa = PBXGroup;
			children = (
				4533E05C21A504CC003FEA24 /* ResultViewModel.swift */,
			);
			path = ViewModels;
			sourceTree = "<group>";
		};
		4533E06321A52DC1003FEA24 /* Apis */ = {
			isa = PBXGroup;
			children = (
				4571F3C421A2BF02003185FD /* ApiManagers */,
				4571F3C321A2BEFB003185FD /* Services */,
			);
			path = Apis;
			sourceTree = "<group>";
		};
		45360DAF21958712008B86CF /* Demo */ = {
			isa = PBXGroup;
			children = (
				459AB73D218FE8B400D6C0E2 /* ViewController.swift */,
				4533E06021A52D96003FEA24 /* Demos */,
			);
			path = Demo;
			sourceTree = "<group>";
		};
		454F04F021AD20CF00C019FE /* Reachability */ = {
			isa = PBXGroup;
			children = (
				454F04F121AD20E100C019FE /* CVReachability.swift */,
				454F04FA21AD331400C019FE /* Header-bridge.h */,
				454F04F921AD331400C019FE /* SwiftyLoadRegister.m */,
				454F04F821AD331300C019FE /* CVNetworking-Bridging-Header.h */,
			);
			path = Reachability;
			sourceTree = "<group>";
		};
		4571F3C321A2BEFB003185FD /* Services */ = {
			isa = PBXGroup;
			children = (
				45360DB02195871E008B86CF /* MainService.swift */,
				4543DCF921B11C7700377DAD /* MainUploadService.swift */,
			);
			path = Services;
			sourceTree = "<group>";
		};
		4571F3C421A2BF02003185FD /* ApiManagers */ = {
			isa = PBXGroup;
			children = (
				4571F3C121A2BDDF003185FD /* LoginApiManager.swift */,
				457F112E21A40FBF00A942E6 /* HomeMsgApiManager.swift */,
				4543DCF521B10FA600377DAD /* UploadImageManager.swift */,
				4543DCF721B1169E00377DAD /* 10_16.jpg */,
			);
			path = ApiManagers;
			sourceTree = "<group>";
		};
		459AB72F218FE8B400D6C0E2 = {
			isa = PBXGroup;
			children = (
				459AB73A218FE8B400D6C0E2 /* CVNetworking */,
				459AB739218FE8B400D6C0E2 /* Products */,
				B633AA339060114C10F139A7 /* Pods */,
				913567376E9131FF66CA9196 /* Frameworks */,
			);
			sourceTree = "<group>";
		};
		459AB739218FE8B400D6C0E2 /* Products */ = {
			isa = PBXGroup;
			children = (
				459AB738218FE8B400D6C0E2 /* CVNetworking.app */,
			);
			name = Products;
			sourceTree = "<group>";
		};
		459AB73A218FE8B400D6C0E2 /* CVNetworking */ = {
			isa = PBXGroup;
			children = (
				45360DAF21958712008B86CF /* Demo */,
				459AB74D218FF42000D6C0E2 /* CVNetworking */,
				459AB73B218FE8B400D6C0E2 /* AppDelegate.swift */,
				459AB73F218FE8B400D6C0E2 /* Main.storyboard */,
				459AB742218FE8B500D6C0E2 /* Assets.xcassets */,
				459AB744218FE8B500D6C0E2 /* LaunchScreen.storyboard */,
				459AB747218FE8B500D6C0E2 /* Info.plist */,
			);
			path = CVNetworking;
			sourceTree = "<group>";
		};
		459AB74D218FF42000D6C0E2 /* CVNetworking */ = {
			isa = PBXGroup;
			children = (
				45360DAB21953167008B86CF /* CVNetworking.swift */,
				454F04F021AD20CF00C019FE /* Reachability */,
				45B4BD3121994D200005ADF7 /* Managers */,
				459AB750218FF45300D6C0E2 /* Services */,
				459AB75821901EDA00D6C0E2 /* URLResponse */,
				459AB7532190140700D6C0E2 /* Cache */,
			);
			path = CVNetworking;
			sourceTree = "<group>";
		};
		459AB750218FF45300D6C0E2 /* Services */ = {
			isa = PBXGroup;
			children = (
				45314FF121A65AFA00C86DA7 /* CVService.swift */,
				459AB751218FF4B200D6C0E2 /* CVServiceProxy.swift */,
				45C77BEC21B51614002FB362 /* CVUploadParam.swift */,
				4544D81921A7A20E008BDBEF /* CVConfiguration.swift */,
			);
			path = Services;
			sourceTree = "<group>";
		};
		459AB7532190140700D6C0E2 /* Cache */ = {
			isa = PBXGroup;
			children = (
				452A26E1219181D300B176C5 /* CVNetCache.swift */,
				459AB7552190143900D6C0E2 /* DiskCache */,
				459AB7542190142900D6C0E2 /* MemoryCache */,
			);
			path = Cache;
			sourceTree = "<group>";
		};
		459AB7542190142900D6C0E2 /* MemoryCache */ = {
			isa = PBXGroup;
			children = (
				459AB7562190148E00D6C0E2 /* CVMemoryCache.swift */,
			);
			path = MemoryCache;
			sourceTree = "<group>";
		};
		459AB7552190143900D6C0E2 /* DiskCache */ = {
			isa = PBXGroup;
			children = (
				459AB7602190498F00D6C0E2 /* CVDiskCache.swift */,
			);
			path = DiskCache;
			sourceTree = "<group>";
		};
		459AB75821901EDA00D6C0E2 /* URLResponse */ = {
			isa = PBXGroup;
			children = (
				459AB75921901EF100D6C0E2 /* CVURLResponse.swift */,
			);
			path = URLResponse;
			sourceTree = "<group>";
		};
		45B4BD3121994D200005ADF7 /* Managers */ = {
			isa = PBXGroup;
			children = (
				457F112C21A3F4CA00A942E6 /* CVBaseManagerDelegate.swift */,
				45147E4221B62BD100B2E607 /* CVBaseManager.swift */,
				45B4BD3221994D450005ADF7 /* CVBaseApiManager.swift */,
				4543DCF121B0E8C400377DAD /* CVBaseUploadManager.swift */,
			);
			path = Managers;
			sourceTree = "<group>";
		};
		913567376E9131FF66CA9196 /* Frameworks */ = {
			isa = PBXGroup;
			children = (
				3640C6DC8DD9C7655C069AEE /* Pods_CVNetworking.framework */,
				BEF6D34B2055FFB75A57F038 /* Pods_CVNetworking_Release.framework */,
				F8DD4BE1E9F054171BE4C236 /* Pods_CVNetworking_Adhoc.framework */,
			);
			name = Frameworks;
			sourceTree = "<group>";
		};
		B633AA339060114C10F139A7 /* Pods */ = {
			isa = PBXGroup;
			children = (
				147A2C0FA237F3ED5016BEF9 /* Pods-CVNetworking.debug.xcconfig */,
				C0C47397B03DEC8EC9E0B907 /* Pods-CVNetworking.release.xcconfig */,
				2BBF1A4843591571011AAF78 /* Pods-CVNetworking-Release.debug.xcconfig */,
				2DCA4D45F793C9F263189B48 /* Pods-CVNetworking-Release.release.xcconfig */,
				C57AB1466AC2B640A5603B0F /* Pods-CVNetworking-Adhoc.debug.xcconfig */,
				5D13A28E695344B543E122B2 /* Pods-CVNetworking-Adhoc.release.xcconfig */,
			);
			name = Pods;
			sourceTree = "<group>";
		};
/* End PBXGroup section */

/* Begin PBXNativeTarget section */
		459AB737218FE8B400D6C0E2 /* CVNetworking */ = {
			isa = PBXNativeTarget;
			buildConfigurationList = 459AB74A218FE8B500D6C0E2 /* Build configuration list for PBXNativeTarget "CVNetworking" */;
			buildPhases = (
				50A7853A32B5A383E92F56EA /* [CP] Check Pods Manifest.lock */,
				459AB734218FE8B400D6C0E2 /* Sources */,
				459AB735218FE8B400D6C0E2 /* Frameworks */,
				459AB736218FE8B400D6C0E2 /* Resources */,
				2CF5D754D1D17FE756944FC2 /* [CP] Embed Pods Frameworks */,
			);
			buildRules = (
			);
			dependencies = (
			);
			name = CVNetworking;
			productName = CVNetworking;
			productReference = 459AB738218FE8B400D6C0E2 /* CVNetworking.app */;
			productType = "com.apple.product-type.application";
		};
/* End PBXNativeTarget section */

/* Begin PBXProject section */
		459AB730218FE8B400D6C0E2 /* Project object */ = {
			isa = PBXProject;
			attributes = {
				LastSwiftUpdateCheck = 1010;
				LastUpgradeCheck = 1010;
				ORGANIZATIONNAME = com.caven;
				TargetAttributes = {
					459AB737218FE8B400D6C0E2 = {
						CreatedOnToolsVersion = 10.1;
						LastSwiftMigration = 1010;
					};
				};
			};
			buildConfigurationList = 459AB733218FE8B400D6C0E2 /* Build configuration list for PBXProject "CVNetworking" */;
			compatibilityVersion = "Xcode 9.3";
			developmentRegion = en;
			hasScannedForEncodings = 0;
			knownRegions = (
				en,
				Base,
			);
			mainGroup = 459AB72F218FE8B400D6C0E2;
			productRefGroup = 459AB739218FE8B400D6C0E2 /* Products */;
			projectDirPath = "";
			projectRoot = "";
			targets = (
				459AB737218FE8B400D6C0E2 /* CVNetworking */,
			);
		};
/* End PBXProject section */

/* Begin PBXResourcesBuildPhase section */
		459AB736218FE8B400D6C0E2 /* Resources */ = {
			isa = PBXResourcesBuildPhase;
			buildActionMask = 2147483647;
			files = (
				459AB746218FE8B500D6C0E2 /* LaunchScreen.storyboard in Resources */,
				459AB743218FE8B500D6C0E2 /* Assets.xcassets in Resources */,
				459AB741218FE8B400D6C0E2 /* Main.storyboard in Resources */,
				4543DCF821B1169E00377DAD /* 10_16.jpg in Resources */,
			);
			runOnlyForDeploymentPostprocessing = 0;
		};
/* End PBXResourcesBuildPhase section */

/* Begin PBXShellScriptBuildPhase section */
		2CF5D754D1D17FE756944FC2 /* [CP] Embed Pods Frameworks */ = {
			isa = PBXShellScriptBuildPhase;
			buildActionMask = 2147483647;
			files = (
			);
			inputFileListPaths = (
			);
			inputPaths = (
				"${SRCROOT}/Pods/Target Support Files/Pods-CVNetworking/Pods-CVNetworking-frameworks.sh",
				"${BUILT_PRODUCTS_DIR}/Alamofire/Alamofire.framework",
			);
			name = "[CP] Embed Pods Frameworks";
			outputFileListPaths = (
			);
			outputPaths = (
				"${TARGET_BUILD_DIR}/${FRAMEWORKS_FOLDER_PATH}/Alamofire.framework",
			);
			runOnlyForDeploymentPostprocessing = 0;
			shellPath = /bin/sh;
			shellScript = "\"${SRCROOT}/Pods/Target Support Files/Pods-CVNetworking/Pods-CVNetworking-frameworks.sh\"\n";
			showEnvVarsInLog = 0;
		};
		50A7853A32B5A383E92F56EA /* [CP] Check Pods Manifest.lock */ = {
			isa = PBXShellScriptBuildPhase;
			buildActionMask = 2147483647;
			files = (
			);
			inputFileListPaths = (
			);
			inputPaths = (
				"${PODS_PODFILE_DIR_PATH}/Podfile.lock",
				"${PODS_ROOT}/Manifest.lock",
			);
			name = "[CP] Check Pods Manifest.lock";
			outputFileListPaths = (
			);
			outputPaths = (
				"$(DERIVED_FILE_DIR)/Pods-CVNetworking-checkManifestLockResult.txt",
			);
			runOnlyForDeploymentPostprocessing = 0;
			shellPath = /bin/sh;
			shellScript = "diff \"${PODS_PODFILE_DIR_PATH}/Podfile.lock\" \"${PODS_ROOT}/Manifest.lock\" > /dev/null\nif [ $? != 0 ] ; then\n    # print error to STDERR\n    echo \"error: The sandbox is not in sync with the Podfile.lock. Run 'pod install' or update your CocoaPods installation.\" >&2\n    exit 1\nfi\n# This output is used by Xcode 'outputs' to avoid re-running this script phase.\necho \"SUCCESS\" > \"${SCRIPT_OUTPUT_FILE_0}\"\n";
			showEnvVarsInLog = 0;
		};
/* End PBXShellScriptBuildPhase section */

/* Begin PBXSourcesBuildPhase section */
		459AB734218FE8B400D6C0E2 /* Sources */ = {
			isa = PBXSourcesBuildPhase;
			buildActionMask = 2147483647;
			files = (
				45360DB12195871E008B86CF /* MainService.swift in Sources */,
				459AB7572190148E00D6C0E2 /* CVMemoryCache.swift in Sources */,
				457F112921A3A40000A942E6 /* ResultViewController.swift in Sources */,
				45C77BED21B51614002FB362 /* CVUploadParam.swift in Sources */,
				459AB752218FF4B200D6C0E2 /* CVServiceProxy.swift in Sources */,
				4543DCF621B10FA600377DAD /* UploadImageManager.swift in Sources */,
				452A26E2219181D300B176C5 /* CVNetCache.swift in Sources */,
				45147E4321B62BD100B2E607 /* CVBaseManager.swift in Sources */,
				457F112F21A40FBF00A942E6 /* HomeMsgApiManager.swift in Sources */,
				459AB75A21901EF100D6C0E2 /* CVURLResponse.swift in Sources */,
				457F112D21A3F4CA00A942E6 /* CVBaseManagerDelegate.swift in Sources */,
				4533E05D21A504CC003FEA24 /* ResultViewModel.swift in Sources */,
				459AB7612190498F00D6C0E2 /* CVDiskCache.swift in Sources */,
				4543DCF221B0E8C400377DAD /* CVBaseUploadManager.swift in Sources */,
				4571F3C221A2BDDF003185FD /* LoginApiManager.swift in Sources */,
				459AB73E218FE8B400D6C0E2 /* ViewController.swift in Sources */,
				454F04FB21AD331400C019FE /* SwiftyLoadRegister.m in Sources */,
				45360DAC21953167008B86CF /* CVNetworking.swift in Sources */,
				45B4BD3321994D450005ADF7 /* CVBaseApiManager.swift in Sources */,
				45314FF221A65AFA00C86DA7 /* CVService.swift in Sources */,
				4533E05F21A50F24003FEA24 /* Property.ResultViewController.swift in Sources */,
				454F04F221AD20E100C019FE /* CVReachability.swift in Sources */,
				459AB73C218FE8B400D6C0E2 /* AppDelegate.swift in Sources */,
				4543DCFA21B11C7700377DAD /* MainUploadService.swift in Sources */,
				4544D81A21A7A20E008BDBEF /* CVConfiguration.swift in Sources */,
			);
			runOnlyForDeploymentPostprocessing = 0;
		};
/* End PBXSourcesBuildPhase section */

/* Begin PBXVariantGroup section */
		459AB73F218FE8B400D6C0E2 /* Main.storyboard */ = {
			isa = PBXVariantGroup;
			children = (
				459AB740218FE8B400D6C0E2 /* Base */,
			);
			name = Main.storyboard;
			sourceTree = "<group>";
		};
		459AB744218FE8B500D6C0E2 /* LaunchScreen.storyboard */ = {
			isa = PBXVariantGroup;
			children = (
				459AB745218FE8B500D6C0E2 /* Base */,
			);
			name = LaunchScreen.storyboard;
			sourceTree = "<group>";
		};
/* End PBXVariantGroup section */

/* Begin XCBuildConfiguration section */
		459AB748218FE8B500D6C0E2 /* Debug */ = {
			isa = XCBuildConfiguration;
			buildSettings = {
				ALWAYS_SEARCH_USER_PATHS = NO;
				CLANG_ANALYZER_NONNULL = YES;
				CLANG_ANALYZER_NUMBER_OBJECT_CONVERSION = YES_AGGRESSIVE;
				CLANG_CXX_LANGUAGE_STANDARD = "gnu++14";
				CLANG_CXX_LIBRARY = "libc++";
				CLANG_ENABLE_MODULES = YES;
				CLANG_ENABLE_OBJC_ARC = YES;
				CLANG_ENABLE_OBJC_WEAK = YES;
				CLANG_WARN_BLOCK_CAPTURE_AUTORELEASING = YES;
				CLANG_WARN_BOOL_CONVERSION = YES;
				CLANG_WARN_COMMA = YES;
				CLANG_WARN_CONSTANT_CONVERSION = YES;
				CLANG_WARN_DEPRECATED_OBJC_IMPLEMENTATIONS = YES;
				CLANG_WARN_DIRECT_OBJC_ISA_USAGE = YES_ERROR;
				CLANG_WARN_DOCUMENTATION_COMMENTS = YES;
				CLANG_WARN_EMPTY_BODY = YES;
				CLANG_WARN_ENUM_CONVERSION = YES;
				CLANG_WARN_INFINITE_RECURSION = YES;
				CLANG_WARN_INT_CONVERSION = YES;
				CLANG_WARN_NON_LITERAL_NULL_CONVERSION = YES;
				CLANG_WARN_OBJC_IMPLICIT_RETAIN_SELF = YES;
				CLANG_WARN_OBJC_LITERAL_CONVERSION = YES;
				CLANG_WARN_OBJC_ROOT_CLASS = YES_ERROR;
				CLANG_WARN_RANGE_LOOP_ANALYSIS = YES;
				CLANG_WARN_STRICT_PROTOTYPES = YES;
				CLANG_WARN_SUSPICIOUS_MOVE = YES;
				CLANG_WARN_UNGUARDED_AVAILABILITY = YES_AGGRESSIVE;
				CLANG_WARN_UNREACHABLE_CODE = YES;
				CLANG_WARN__DUPLICATE_METHOD_MATCH = YES;
				CODE_SIGN_IDENTITY = "iPhone Developer";
				COPY_PHASE_STRIP = NO;
				DEBUG_INFORMATION_FORMAT = dwarf;
				ENABLE_STRICT_OBJC_MSGSEND = YES;
				ENABLE_TESTABILITY = YES;
				GCC_C_LANGUAGE_STANDARD = gnu11;
				GCC_DYNAMIC_NO_PIC = NO;
				GCC_NO_COMMON_BLOCKS = YES;
				GCC_OPTIMIZATION_LEVEL = 0;
				GCC_PREPROCESSOR_DEFINITIONS = (
					"DEBUG=1",
					"$(inherited)",
				);
				GCC_WARN_64_TO_32_BIT_CONVERSION = YES;
				GCC_WARN_ABOUT_RETURN_TYPE = YES_ERROR;
				GCC_WARN_UNDECLARED_SELECTOR = YES;
				GCC_WARN_UNINITIALIZED_AUTOS = YES_AGGRESSIVE;
				GCC_WARN_UNUSED_FUNCTION = YES;
				GCC_WARN_UNUSED_VARIABLE = YES;
				IPHONEOS_DEPLOYMENT_TARGET = 12.1;
				MTL_ENABLE_DEBUG_INFO = INCLUDE_SOURCE;
				MTL_FAST_MATH = YES;
				ONLY_ACTIVE_ARCH = YES;
				OTHER_SWIFT_FLAGS = "";
				SDKROOT = iphoneos;
				SWIFT_ACTIVE_COMPILATION_CONDITIONS = DEBUG;
				SWIFT_OPTIMIZATION_LEVEL = "-Onone";
			};
			name = Debug;
		};
		459AB749218FE8B500D6C0E2 /* Release */ = {
			isa = XCBuildConfiguration;
			buildSettings = {
				ALWAYS_SEARCH_USER_PATHS = NO;
				CLANG_ANALYZER_NONNULL = YES;
				CLANG_ANALYZER_NUMBER_OBJECT_CONVERSION = YES_AGGRESSIVE;
				CLANG_CXX_LANGUAGE_STANDARD = "gnu++14";
				CLANG_CXX_LIBRARY = "libc++";
				CLANG_ENABLE_MODULES = YES;
				CLANG_ENABLE_OBJC_ARC = YES;
				CLANG_ENABLE_OBJC_WEAK = YES;
				CLANG_WARN_BLOCK_CAPTURE_AUTORELEASING = YES;
				CLANG_WARN_BOOL_CONVERSION = YES;
				CLANG_WARN_COMMA = YES;
				CLANG_WARN_CONSTANT_CONVERSION = YES;
				CLANG_WARN_DEPRECATED_OBJC_IMPLEMENTATIONS = YES;
				CLANG_WARN_DIRECT_OBJC_ISA_USAGE = YES_ERROR;
				CLANG_WARN_DOCUMENTATION_COMMENTS = YES;
				CLANG_WARN_EMPTY_BODY = YES;
				CLANG_WARN_ENUM_CONVERSION = YES;
				CLANG_WARN_INFINITE_RECURSION = YES;
				CLANG_WARN_INT_CONVERSION = YES;
				CLANG_WARN_NON_LITERAL_NULL_CONVERSION = YES;
				CLANG_WARN_OBJC_IMPLICIT_RETAIN_SELF = YES;
				CLANG_WARN_OBJC_LITERAL_CONVERSION = YES;
				CLANG_WARN_OBJC_ROOT_CLASS = YES_ERROR;
				CLANG_WARN_RANGE_LOOP_ANALYSIS = YES;
				CLANG_WARN_STRICT_PROTOTYPES = YES;
				CLANG_WARN_SUSPICIOUS_MOVE = YES;
				CLANG_WARN_UNGUARDED_AVAILABILITY = YES_AGGRESSIVE;
				CLANG_WARN_UNREACHABLE_CODE = YES;
				CLANG_WARN__DUPLICATE_METHOD_MATCH = YES;
				CODE_SIGN_IDENTITY = "iPhone Developer";
				COPY_PHASE_STRIP = NO;
				DEBUG_INFORMATION_FORMAT = "dwarf-with-dsym";
				ENABLE_NS_ASSERTIONS = NO;
				ENABLE_STRICT_OBJC_MSGSEND = YES;
				GCC_C_LANGUAGE_STANDARD = gnu11;
				GCC_NO_COMMON_BLOCKS = YES;
				GCC_WARN_64_TO_32_BIT_CONVERSION = YES;
				GCC_WARN_ABOUT_RETURN_TYPE = YES_ERROR;
				GCC_WARN_UNDECLARED_SELECTOR = YES;
				GCC_WARN_UNINITIALIZED_AUTOS = YES_AGGRESSIVE;
				GCC_WARN_UNUSED_FUNCTION = YES;
				GCC_WARN_UNUSED_VARIABLE = YES;
				IPHONEOS_DEPLOYMENT_TARGET = 12.1;
				MTL_ENABLE_DEBUG_INFO = NO;
				MTL_FAST_MATH = YES;
				SDKROOT = iphoneos;
				SWIFT_COMPILATION_MODE = wholemodule;
				SWIFT_OPTIMIZATION_LEVEL = "-O";
				VALIDATE_PRODUCT = YES;
			};
			name = Release;
		};
		459AB74B218FE8B500D6C0E2 /* Debug */ = {
			isa = XCBuildConfiguration;
			baseConfigurationReference = 147A2C0FA237F3ED5016BEF9 /* Pods-CVNetworking.debug.xcconfig */;
			buildSettings = {
				ASSETCATALOG_COMPILER_APPICON_NAME = AppIcon;
				CLANG_ENABLE_MODULES = YES;
				CODE_SIGN_STYLE = Automatic;
				DEVELOPMENT_TEAM = KY78F3P96D;
				INFOPLIST_FILE = CVNetworking/Info.plist;
				IPHONEOS_DEPLOYMENT_TARGET = 8.0;
				LD_RUNPATH_SEARCH_PATHS = (
					"$(inherited)",
					"@executable_path/Frameworks",
				);
				OTHER_CFLAGS = (
					"$(inherited)",
					"-iquote",
					"\"${PODS_CONFIGURATION_BUILD_DIR}/Alamofire/Alamofire.framework/Headers\"",
				);
				OTHER_SWIFT_FLAGS = "$(inherited) \"-D\" \"COCOAPODS\" -D DEBUG";
				PRODUCT_BUNDLE_IDENTIFIER = "com.caven.CVNetworking-Dev";
				PRODUCT_NAME = "$(TARGET_NAME)";
				SWIFT_OBJC_BRIDGING_HEADER = "CVNetworking/CVNetworking/Reachability/CVNetworking-Bridging-Header.h";
				SWIFT_OPTIMIZATION_LEVEL = "-Onone";
				SWIFT_VERSION = 4.2;
				TARGETED_DEVICE_FAMILY = "1,2";
			};
			name = Debug;
		};
		459AB74C218FE8B500D6C0E2 /* Release */ = {
			isa = XCBuildConfiguration;
			baseConfigurationReference = C0C47397B03DEC8EC9E0B907 /* Pods-CVNetworking.release.xcconfig */;
			buildSettings = {
				ASSETCATALOG_COMPILER_APPICON_NAME = AppIcon;
				CLANG_ENABLE_MODULES = YES;
				CODE_SIGN_STYLE = Automatic;
				DEVELOPMENT_TEAM = KY78F3P96D;
				INFOPLIST_FILE = CVNetworking/Info.plist;
				IPHONEOS_DEPLOYMENT_TARGET = 8.0;
				LD_RUNPATH_SEARCH_PATHS = (
					"$(inherited)",
					"@executable_path/Frameworks",
				);
				OTHER_SWIFT_FLAGS = "$(inherited) \"-D\" \"COCOAPODS\"";
				PRODUCT_BUNDLE_IDENTIFIER = "com.caven.CVNetworking-Dev";
				PRODUCT_NAME = "$(TARGET_NAME)";
				SWIFT_OBJC_BRIDGING_HEADER = "CVNetworking/CVNetworking/Reachability/CVNetworking-Bridging-Header.h";
				SWIFT_VERSION = 4.2;
				TARGETED_DEVICE_FAMILY = "1,2";
			};
			name = Release;
		};
/* End XCBuildConfiguration section */

/* Begin XCConfigurationList section */
		459AB733218FE8B400D6C0E2 /* Build configuration list for PBXProject "CVNetworking" */ = {
			isa = XCConfigurationList;
			buildConfigurations = (
				459AB748218FE8B500D6C0E2 /* Debug */,
				459AB749218FE8B500D6C0E2 /* Release */,
			);
			defaultConfigurationIsVisible = 0;
			defaultConfigurationName = Release;
		};
		459AB74A218FE8B500D6C0E2 /* Build configuration list for PBXNativeTarget "CVNetworking" */ = {
			isa = XCConfigurationList;
			buildConfigurations = (
				459AB74B218FE8B500D6C0E2 /* Debug */,
				459AB74C218FE8B500D6C0E2 /* Release */,
			);
			defaultConfigurationIsVisible = 0;
			defaultConfigurationName = Release;
		};
/* End XCConfigurationList section */
	};
	rootObject = 459AB730218FE8B400D6C0E2 /* Project object */;
}
